{
  "nodes": {
    "nixpkgs": {
      "locked": {
        "lastModified": 1733261153,
        "narHash": "sha256-eq51hyiaIwtWo19fPEeE0Zr2s83DYMKJoukNLgGGpek=",
        "owner": "nixos",
        "repo": "nixpkgs",
        "rev": "b681065d0919f7eb5309a93cea2cfa84dec9aa88",
        "type": "github"
      },
      "original": {
        "owner": "nixos",
        "ref": "nixos-24.11",
        "repo": "nixpkgs",
        "type": "github"
      }
    },
    "nixpkgs_2": {
      "locked": {
        "lastModified": 1728538411,
        "narHash": "sha256-f0SBJz1eZ2yOuKUr5CA9BHULGXVSn6miBuUWdTyhUhU=",
        "owner": "NixOS",
        "repo": "nixpkgs",
        "rev": "b69de56fac8c2b6f8fd27f2eca01dcda8e0a4221",
        "type": "github"
      },
      "original": {
        "owner": "NixOS",
        "ref": "nixpkgs-unstable",
        "repo": "nixpkgs",
        "type": "github"
      }
    },
    "nixpkgs_3": {
      "locked": {
        "lastModified": 1728740863,
        "narHash": "sha256-u+rxA79a0lyhG+u+oPBRtTDtzz8kvkc9a6SWSt9ekVc=",
        "owner": "nixos",
        "repo": "nixpkgs",
        "rev": "a3f9ad65a0bf298ed5847629a57808b97e6e8077",
        "type": "github"
      },
      "original": {
        "owner": "nixos",
        "ref": "nixos-24.05",
        "repo": "nixpkgs",
        "type": "github"
      }
    },
    "root": {
      "inputs": {
        "nixpkgs": "nixpkgs",
        "rust-overlay": "rust-overlay",
        "utils": "utils"
      }
    },
    "rust-overlay": {
      "inputs": {
        "nixpkgs": "nixpkgs_2"
      },
      "locked": {
        "lastModified": 1733279627,
        "narHash": "sha256-NCNDAGPkdFdu+DLErbmNbavmVW9AwkgP7azROFFSB0U=",
        "owner": "oxalica",
        "repo": "rust-overlay",
        "rev": "4da5a80ef76039e80468c902f1e9f5c0eab87d96",
        "type": "github"
      },
      "original": {
        "owner": "oxalica",
        "repo": "rust-overlay",
        "type": "github"
      }
    },
    "utils": {
      "inputs": {
        "nixpkgs": "nixpkgs_3"
      },
      "locked": {
        "lastModified": 1729153754,
        "narHash": "sha256-vei77VM9aLbcr/RdpYBVYFF0rJs2dct1G7zVNT5BK1w=",
        "owner": "wunderwerkio",
        "repo": "nix-utils",
        "rev": "29c8fa9d92648940441e3e4c7469970173b85c49",
        "type": "github"
      },
      "original": {
        "owner": "wunderwerkio",
        "repo": "nix-utils",
        "type": "github"
      }
    }
  },
  "root": "root",
  "version": 7
}
